// !$*UTF8*$!
{
	archiveVersion = 1;
	classes = {
	};
	objectVersion = 50;
	objects = {

/* Begin PBXBuildFile section */
		84BD3DB723A2EE0000C81F40 /* AppDelegate.swift in Sources */ = {isa = PBXBuildFile; fileRef = 84BD3DB623A2EE0000C81F40 /* AppDelegate.swift */; };
		84BD3DC023A2EE0100C81F40 /* Assets.xcassets in Resources */ = {isa = PBXBuildFile; fileRef = 84BD3DBF23A2EE0100C81F40 /* Assets.xcassets */; };
		84BD3DC323A2EE0100C81F40 /* LaunchScreen.storyboard in Resources */ = {isa = PBXBuildFile; fileRef = 84BD3DC123A2EE0100C81F40 /* LaunchScreen.storyboard */; };
		84BD3DCC23A2F27300C81F40 /* VKSdkFramework.framework in Frameworks */ = {isa = PBXBuildFile; fileRef = 84BD3DCB23A2F27300C81F40 /* VKSdkFramework.framework */; };
		84BD3DCD23A2F27300C81F40 /* VKSdkFramework.framework in Embed Frameworks */ = {isa = PBXBuildFile; fileRef = 84BD3DCB23A2F27300C81F40 /* VKSdkFramework.framework */; settings = {ATTRIBUTES = (CodeSignOnCopy, RemoveHeadersOnCopy, ); }; };
		84BD3DD123A2F4D800C81F40 /* AuthService.swift in Sources */ = {isa = PBXBuildFile; fileRef = 84BD3DD023A2F4D800C81F40 /* AuthService.swift */; };
		84BD3DD323A2F7FD00C81F40 /* AuthViewController.swift in Sources */ = {isa = PBXBuildFile; fileRef = 84BD3DD223A2F7FD00C81F40 /* AuthViewController.swift */; };
		84BD3DD523A304CB00C81F40 /* AuthViewController.storyboard in Resources */ = {isa = PBXBuildFile; fileRef = 84BD3DD423A304CB00C81F40 /* AuthViewController.storyboard */; };
		84BD3DD923A312A300C81F40 /* NetWorkService.swift in Sources */ = {isa = PBXBuildFile; fileRef = 84BD3DD823A312A300C81F40 /* NetWorkService.swift */; };
		84BD3DDC23A3139000C81F40 /* API.swift in Sources */ = {isa = PBXBuildFile; fileRef = 84BD3DDB23A3139000C81F40 /* API.swift */; };
		84BD3DDE23A3B4CC00C81F40 /* UIViewController + Storyboard.swift in Sources */ = {isa = PBXBuildFile; fileRef = 84BD3DDD23A3B4CC00C81F40 /* UIViewController + Storyboard.swift */; };
		84BD3DE023A3B52600C81F40 /* NamesViewController.swift in Sources */ = {isa = PBXBuildFile; fileRef = 84BD3DDF23A3B52600C81F40 /* NamesViewController.swift */; };
		84BD3DE223A3B53B00C81F40 /* NamesViewController.storyboard in Resources */ = {isa = PBXBuildFile; fileRef = 84BD3DE123A3B53B00C81F40 /* NamesViewController.storyboard */; };
		84BD3DE423A3C27300C81F40 /* NameResponse.swift in Sources */ = {isa = PBXBuildFile; fileRef = 84BD3DE323A3C27300C81F40 /* NameResponse.swift */; };
		84BD3DE623A3CF2600C81F40 /* FriendsResponse.swift in Sources */ = {isa = PBXBuildFile; fileRef = 84BD3DE523A3CF2600C81F40 /* FriendsResponse.swift */; };
/* End PBXBuildFile section */

/* Begin PBXCopyFilesBuildPhase section */
		84BD3DCE23A2F27300C81F40 /* Embed Frameworks */ = {
			isa = PBXCopyFilesBuildPhase;
			buildActionMask = 2147483647;
			dstPath = "";
			dstSubfolderSpec = 10;
			files = (
				84BD3DCD23A2F27300C81F40 /* VKSdkFramework.framework in Embed Frameworks */,
			);
			name = "Embed Frameworks";
			runOnlyForDeploymentPostprocessing = 0;
		};
/* End PBXCopyFilesBuildPhase section */

/* Begin PBXFileReference section */
		84BD3DB323A2EE0000C81F40 /* WebimTest.app */ = {isa = PBXFileReference; explicitFileType = wrapper.application; includeInIndex = 0; path = WebimTest.app; sourceTree = BUILT_PRODUCTS_DIR; };
		84BD3DB623A2EE0000C81F40 /* AppDelegate.swift */ = {isa = PBXFileReference; lastKnownFileType = sourcecode.swift; path = AppDelegate.swift; sourceTree = "<group>"; };
		84BD3DBF23A2EE0100C81F40 /* Assets.xcassets */ = {isa = PBXFileReference; lastKnownFileType = folder.assetcatalog; path = Assets.xcassets; sourceTree = "<group>"; };
		84BD3DC223A2EE0100C81F40 /* Base */ = {isa = PBXFileReference; lastKnownFileType = file.storyboard; name = Base; path = Base.lproj/LaunchScreen.storyboard; sourceTree = "<group>"; };
		84BD3DC423A2EE0100C81F40 /* Info.plist */ = {isa = PBXFileReference; lastKnownFileType = text.plist.xml; path = Info.plist; sourceTree = "<group>"; };
		84BD3DCB23A2F27300C81F40 /* VKSdkFramework.framework */ = {isa = PBXFileReference; lastKnownFileType = wrapper.framework; name = VKSdkFramework.framework; path = Carthage/Build/iOS/VKSdkFramework.framework; sourceTree = "<group>"; };
		84BD3DD023A2F4D800C81F40 /* AuthService.swift */ = {isa = PBXFileReference; lastKnownFileType = sourcecode.swift; path = AuthService.swift; sourceTree = "<group>"; };
		84BD3DD223A2F7FD00C81F40 /* AuthViewController.swift */ = {isa = PBXFileReference; lastKnownFileType = sourcecode.swift; path = AuthViewController.swift; sourceTree = "<group>"; };
		84BD3DD423A304CB00C81F40 /* AuthViewController.storyboard */ = {isa = PBXFileReference; lastKnownFileType = file.storyboard; path = AuthViewController.storyboard; sourceTree = "<group>"; };
		84BD3DD823A312A300C81F40 /* NetWorkService.swift */ = {isa = PBXFileReference; lastKnownFileType = sourcecode.swift; path = NetWorkService.swift; sourceTree = "<group>"; };
		84BD3DDB23A3139000C81F40 /* API.swift */ = {isa = PBXFileReference; lastKnownFileType = sourcecode.swift; path = API.swift; sourceTree = "<group>"; };
		84BD3DDD23A3B4CC00C81F40 /* UIViewController + Storyboard.swift */ = {isa = PBXFileReference; fileEncoding = 4; lastKnownFileType = sourcecode.swift; name = "UIViewController + Storyboard.swift"; path = "../../../../.Trash/UIViewController + Storyboard.swift"; sourceTree = "<group>"; };
		84BD3DDF23A3B52600C81F40 /* NamesViewController.swift */ = {isa = PBXFileReference; lastKnownFileType = sourcecode.swift; path = NamesViewController.swift; sourceTree = "<group>"; };
		84BD3DE123A3B53B00C81F40 /* NamesViewController.storyboard */ = {isa = PBXFileReference; lastKnownFileType = file.storyboard; path = NamesViewController.storyboard; sourceTree = "<group>"; };
		84BD3DE323A3C27300C81F40 /* NameResponse.swift */ = {isa = PBXFileReference; lastKnownFileType = sourcecode.swift; path = NameResponse.swift; sourceTree = "<group>"; };
		84BD3DE523A3CF2600C81F40 /* FriendsResponse.swift */ = {isa = PBXFileReference; lastKnownFileType = sourcecode.swift; path = FriendsResponse.swift; sourceTree = "<group>"; };
/* End PBXFileReference section */

/* Begin PBXFrameworksBuildPhase section */
		84BD3DB023A2EE0000C81F40 /* Frameworks */ = {
			isa = PBXFrameworksBuildPhase;
			buildActionMask = 2147483647;
			files = (
				84BD3DCC23A2F27300C81F40 /* VKSdkFramework.framework in Frameworks */,
			);
			runOnlyForDeploymentPostprocessing = 0;
		};
/* End PBXFrameworksBuildPhase section */

/* Begin PBXGroup section */
		84BD3DAA23A2EE0000C81F40 = {
			isa = PBXGroup;
			children = (
				84BD3DB523A2EE0000C81F40 /* WebimTest */,
				84BD3DB423A2EE0000C81F40 /* Products */,
				84BD3DCA23A2F27300C81F40 /* Frameworks */,
			);
			sourceTree = "<group>";
		};
		84BD3DB423A2EE0000C81F40 /* Products */ = {
			isa = PBXGroup;
			children = (
				84BD3DB323A2EE0000C81F40 /* WebimTest.app */,
			);
			name = Products;
			sourceTree = "<group>";
		};
		84BD3DB523A2EE0000C81F40 /* WebimTest */ = {
			isa = PBXGroup;
			children = (
				84BD3DB623A2EE0000C81F40 /* AppDelegate.swift */,
				84BD3DD023A2F4D800C81F40 /* AuthService.swift */,
				84BD3DD823A312A300C81F40 /* NetWorkService.swift */,
				84BD3DDB23A3139000C81F40 /* API.swift */,
				84BD3DE323A3C27300C81F40 /* NameResponse.swift */,
				84BD3DE523A3CF2600C81F40 /* FriendsResponse.swift */,
				84BD3DD223A2F7FD00C81F40 /* AuthViewController.swift */,
				84BD3DD423A304CB00C81F40 /* AuthViewController.storyboard */,
				84BD3DBF23A2EE0100C81F40 /* Assets.xcassets */,
				84BD3DC123A2EE0100C81F40 /* LaunchScreen.storyboard */,
				84BD3DDD23A3B4CC00C81F40 /* UIViewController + Storyboard.swift */,
				84BD3DC423A2EE0100C81F40 /* Info.plist */,
				84BD3DDF23A3B52600C81F40 /* NamesViewController.swift */,
				84BD3DE123A3B53B00C81F40 /* NamesViewController.storyboard */,
			);
			path = WebimTest;
			sourceTree = "<group>";
		};
		84BD3DCA23A2F27300C81F40 /* Frameworks */ = {
			isa = PBXGroup;
			children = (
				84BD3DCB23A2F27300C81F40 /* VKSdkFramework.framework */,
			);
			name = Frameworks;
			sourceTree = "<group>";
		};
/* End PBXGroup section */

/* Begin PBXNativeTarget section */
		84BD3DB223A2EE0000C81F40 /* WebimTest */ = {
			isa = PBXNativeTarget;
			buildConfigurationList = 84BD3DC723A2EE0100C81F40 /* Build configuration list for PBXNativeTarget "WebimTest" */;
			buildPhases = (
				84BD3DAF23A2EE0000C81F40 /* Sources */,
				84BD3DB023A2EE0000C81F40 /* Frameworks */,
				84BD3DB123A2EE0000C81F40 /* Resources */,
				84BD3DCE23A2F27300C81F40 /* Embed Frameworks */,
				84BD3DCF23A2F2C100C81F40 /* ShellScript */,
			);
			buildRules = (
			);
			dependencies = (
			);
			name = WebimTest;
			productName = WebimTest;
			productReference = 84BD3DB323A2EE0000C81F40 /* WebimTest.app */;
			productType = "com.apple.product-type.application";
		};
/* End PBXNativeTarget section */

/* Begin PBXProject section */
		84BD3DAB23A2EE0000C81F40 /* Project object */ = {
			isa = PBXProject;
			attributes = {
				LastSwiftUpdateCheck = 1130;
				LastUpgradeCheck = 1130;
				ORGANIZATIONNAME = Gam4ik;
				TargetAttributes = {
					84BD3DB223A2EE0000C81F40 = {
						CreatedOnToolsVersion = 11.3;
					};
				};
			};
			buildConfigurationList = 84BD3DAE23A2EE0000C81F40 /* Build configuration list for PBXProject "WebimTest" */;
			compatibilityVersion = "Xcode 9.3";
			developmentRegion = en;
			hasScannedForEncodings = 0;
			knownRegions = (
				en,
				Base,
			);
			mainGroup = 84BD3DAA23A2EE0000C81F40;
			productRefGroup = 84BD3DB423A2EE0000C81F40 /* Products */;
			projectDirPath = "";
			projectRoot = "";
			targets = (
				84BD3DB223A2EE0000C81F40 /* WebimTest */,
			);
		};
/* End PBXProject section */

/* Begin PBXResourcesBuildPhase section */
		84BD3DB123A2EE0000C81F40 /* Resources */ = {
			isa = PBXResourcesBuildPhase;
			buildActionMask = 2147483647;
			files = (
				84BD3DE223A3B53B00C81F40 /* NamesViewController.storyboard in Resources */,
				84BD3DC323A2EE0100C81F40 /* LaunchScreen.storyboard in Resources */,
				84BD3DD523A304CB00C81F40 /* AuthViewController.storyboard in Resources */,
				84BD3DC023A2EE0100C81F40 /* Assets.xcassets in Resources */,
			);
			runOnlyForDeploymentPostprocessing = 0;
		};
/* End PBXResourcesBuildPhase section */

/* Begin PBXShellScriptBuildPhase section */
		84BD3DCF23A2F2C100C81F40 /* ShellScript */ = {
			isa = PBXShellScriptBuildPhase;
			buildActionMask = 2147483647;
			files = (
			);
			inputFileListPaths = (
			);
			inputPaths = (
				"$(SRCROOT)/Carthage/Build/iOS/VKSdkFramework.framework",
			);
			outputFileListPaths = (
			);
			outputPaths = (
			);
			runOnlyForDeploymentPostprocessing = 0;
			shellPath = /bin/sh;
			shellScript = "/usr/local/bin/carthage copy-frameworks\n";
		};
/* End PBXShellScriptBuildPhase section */

/* Begin PBXSourcesBuildPhase section */
		84BD3DAF23A2EE0000C81F40 /* Sources */ = {
			isa = PBXSourcesBuildPhase;
			buildActionMask = 2147483647;
			files = (
				84BD3DD323A2F7FD00C81F40 /* AuthViewController.swift in Sources */,
				84BD3DB723A2EE0000C81F40 /* AppDelegate.swift in Sources */,
				84BD3DE023A3B52600C81F40 /* NamesViewController.swift in Sources */,
				84BD3DE623A3CF2600C81F40 /* FriendsResponse.swift in Sources */,
				84BD3DD923A312A300C81F40 /* NetWorkService.swift in Sources */,
				84BD3DDE23A3B4CC00C81F40 /* UIViewController + Storyboard.swift in Sources */,
				84BD3DE423A3C27300C81F40 /* NameResponse.swift in Sources */,
				84BD3DD123A2F4D800C81F40 /* AuthService.swift in Sources */,
				84BD3DDC23A3139000C81F40 /* API.swift in Sources */,
			);
			runOnlyForDeploymentPostprocessing = 0;
		};
/* End PBXSourcesBuildPhase section */

/* Begin PBXVariantGroup section */
		84BD3DC123A2EE0100C81F40 /* LaunchScreen.storyboard */ = {
			isa = PBXVariantGroup;
			children = (
				84BD3DC223A2EE0100C81F40 /* Base */,
			);
			name = LaunchScreen.storyboard;
			sourceTree = "<group>";
		};
/* End PBXVariantGroup section */

/* Begin XCBuildConfiguration section */
		84BD3DC523A2EE0100C81F40 /* Debug */ = {
			isa = XCBuildConfiguration;
			buildSettings = {
				ALWAYS_SEARCH_USER_PATHS = NO;
				CLANG_ANALYZER_NONNULL = YES;
				CLANG_ANALYZER_NUMBER_OBJECT_CONVERSION = YES_AGGRESSIVE;
				CLANG_CXX_LANGUAGE_STANDARD = "gnu++14";
				CLANG_CXX_LIBRARY = "libc++";
				CLANG_ENABLE_MODULES = YES;
				CLANG_ENABLE_OBJC_ARC = YES;
				CLANG_ENABLE_OBJC_WEAK = YES;
				CLANG_WARN_BLOCK_CAPTURE_AUTORELEASING = YES;
				CLANG_WARN_BOOL_CONVERSION = YES;
				CLANG_WARN_COMMA = YES;
				CLANG_WARN_CONSTANT_CONVERSION = YES;
				CLANG_WARN_DEPRECATED_OBJC_IMPLEMENTATIONS = YES;
				CLANG_WARN_DIRECT_OBJC_ISA_USAGE = YES_ERROR;
				CLANG_WARN_DOCUMENTATION_COMMENTS = YES;
				CLANG_WARN_EMPTY_BODY = YES;
				CLANG_WARN_ENUM_CONVERSION = YES;
				CLANG_WARN_INFINITE_RECURSION = YES;
				CLANG_WARN_INT_CONVERSION = YES;
				CLANG_WARN_NON_LITERAL_NULL_CONVERSION = YES;
				CLANG_WARN_OBJC_IMPLICIT_RETAIN_SELF = YES;
				CLANG_WARN_OBJC_LITERAL_CONVERSION = YES;
				CLANG_WARN_OBJC_ROOT_CLASS = YES_ERROR;
				CLANG_WARN_RANGE_LOOP_ANALYSIS = YES;
				CLANG_WARN_STRICT_PROTOTYPES = YES;
				CLANG_WARN_SUSPICIOUS_MOVE = YES;
				CLANG_WARN_UNGUARDED_AVAILABILITY = YES_AGGRESSIVE;
				CLANG_WARN_UNREACHABLE_CODE = YES;
				CLANG_WARN__DUPLICATE_METHOD_MATCH = YES;
				COPY_PHASE_STRIP = NO;
				DEBUG_INFORMATION_FORMAT = dwarf;
				ENABLE_STRICT_OBJC_MSGSEND = YES;
				ENABLE_TESTABILITY = YES;
				GCC_C_LANGUAGE_STANDARD = gnu11;
				GCC_DYNAMIC_NO_PIC = NO;
				GCC_NO_COMMON_BLOCKS = YES;
				GCC_OPTIMIZATION_LEVEL = 0;
				GCC_PREPROCESSOR_DEFINITIONS = (
					"DEBUG=1",
					"$(inherited)",
				);
				GCC_WARN_64_TO_32_BIT_CONVERSION = YES;
				GCC_WARN_ABOUT_RETURN_TYPE = YES_ERROR;
				GCC_WARN_UNDECLARED_SELECTOR = YES;
				GCC_WARN_UNINITIALIZED_AUTOS = YES_AGGRESSIVE;
				GCC_WARN_UNUSED_FUNCTION = YES;
				GCC_WARN_UNUSED_VARIABLE = YES;
				IPHONEOS_DEPLOYMENT_TARGET = 13.2;
				MTL_ENABLE_DEBUG_INFO = INCLUDE_SOURCE;
				MTL_FAST_MATH = YES;
				ONLY_ACTIVE_ARCH = YES;
				SDKROOT = iphoneos;
				SWIFT_ACTIVE_COMPILATION_CONDITIONS = DEBUG;
				SWIFT_OPTIMIZATION_LEVEL = "-Onone";
			};
			name = Debug;
		};
		84BD3DC623A2EE0100C81F40 /* Release */ = {
			isa = XCBuildConfiguration;
			buildSettings = {
				ALWAYS_SEARCH_USER_PATHS = NO;
				CLANG_ANALYZER_NONNULL = YES;
				CLANG_ANALYZER_NUMBER_OBJECT_CONVERSION = YES_AGGRESSIVE;
				CLANG_CXX_LANGUAGE_STANDARD = "gnu++14";
				CLANG_CXX_LIBRARY = "libc++";
				CLANG_ENABLE_MODULES = YES;
				CLANG_ENABLE_OBJC_ARC = YES;
				CLANG_ENABLE_OBJC_WEAK = YES;
				CLANG_WARN_BLOCK_CAPTURE_AUTORELEASING = YES;
				CLANG_WARN_BOOL_CONVERSION = YES;
				CLANG_WARN_COMMA = YES;
				CLANG_WARN_CONSTANT_CONVERSION = YES;
				CLANG_WARN_DEPRECATED_OBJC_IMPLEMENTATIONS = YES;
				CLANG_WARN_DIRECT_OBJC_ISA_USAGE = YES_ERROR;
				CLANG_WARN_DOCUMENTATION_COMMENTS = YES;
				CLANG_WARN_EMPTY_BODY = YES;
				CLANG_WARN_ENUM_CONVERSION = YES;
				CLANG_WARN_INFINITE_RECURSION = YES;
				CLANG_WARN_INT_CONVERSION = YES;
				CLANG_WARN_NON_LITERAL_NULL_CONVERSION = YES;
				CLANG_WARN_OBJC_IMPLICIT_RETAIN_SELF = YES;
				CLANG_WARN_OBJC_LITERAL_CONVERSION = YES;
				CLANG_WARN_OBJC_ROOT_CLASS = YES_ERROR;
				CLANG_WARN_RANGE_LOOP_ANALYSIS = YES;
				CLANG_WARN_STRICT_PROTOTYPES = YES;
				CLANG_WARN_SUSPICIOUS_MOVE = YES;
				CLANG_WARN_UNGUARDED_AVAILABILITY = YES_AGGRESSIVE;
				CLANG_WARN_UNREACHABLE_CODE = YES;
				CLANG_WARN__DUPLICATE_METHOD_MATCH = YES;
				COPY_PHASE_STRIP = NO;
				DEBUG_INFORMATION_FORMAT = "dwarf-with-dsym";
				ENABLE_NS_ASSERTIONS = NO;
				ENABLE_STRICT_OBJC_MSGSEND = YES;
				GCC_C_LANGUAGE_STANDARD = gnu11;
				GCC_NO_COMMON_BLOCKS = YES;
				GCC_WARN_64_TO_32_BIT_CONVERSION = YES;
				GCC_WARN_ABOUT_RETURN_TYPE = YES_ERROR;
				GCC_WARN_UNDECLARED_SELECTOR = YES;
				GCC_WARN_UNINITIALIZED_AUTOS = YES_AGGRESSIVE;
				GCC_WARN_UNUSED_FUNCTION = YES;
				GCC_WARN_UNUSED_VARIABLE = YES;
				IPHONEOS_DEPLOYMENT_TARGET = 13.2;
				MTL_ENABLE_DEBUG_INFO = NO;
				MTL_FAST_MATH = YES;
				SDKROOT = iphoneos;
				SWIFT_COMPILATION_MODE = wholemodule;
				SWIFT_OPTIMIZATION_LEVEL = "-O";
				VALIDATE_PRODUCT = YES;
			};
			name = Release;
		};
		84BD3DC823A2EE0100C81F40 /* Debug */ = {
			isa = XCBuildConfiguration;
			buildSettings = {
				ASSETCATALOG_COMPILER_APPICON_NAME = AppIcon;
				CODE_SIGN_STYLE = Automatic;
				DEVELOPMENT_TEAM = YPNZ4Q5D2B;
				FRAMEWORK_SEARCH_PATHS = (
					"$(inherited)",
					"$(PROJECT_DIR)/Carthage/Build/iOS",
				);
				INFOPLIST_FILE = WebimTest/Info.plist;
				LD_RUNPATH_SEARCH_PATHS = (
					"$(inherited)",
					"@executable_path/Frameworks",
				);
				PRODUCT_BUNDLE_IDENTIFIER = ru.GamidGamidov.WebimTest;
				PRODUCT_NAME = "$(TARGET_NAME)";
				SWIFT_VERSION = 5.0;
				TARGETED_DEVICE_FAMILY = "1,2";
			};
			name = Debug;
		};
		84BD3DC923A2EE0100C81F40 /* Release */ = {
			isa = XCBuildConfiguration;
			buildSettings = {
				ASSETCATALOG_COMPILER_APPICON_NAME = AppIcon;
				CODE_SIGN_STYLE = Automatic;
				DEVELOPMENT_TEAM = YPNZ4Q5D2B;
				FRAMEWORK_SEARCH_PATHS = (
					"$(inherited)",
					"$(PROJECT_DIR)/Carthage/Build/iOS",
				);
				INFOPLIST_FILE = WebimTest/Info.plist;
				LD_RUNPATH_SEARCH_PATHS = (
					"$(inherited)",
					"@executable_path/Frameworks",
				);
				PRODUCT_BUNDLE_IDENTIFIER = ru.GamidGamidov.WebimTest;
				PRODUCT_NAME = "$(TARGET_NAME)";
				SWIFT_VERSION = 5.0;
				TARGETED_DEVICE_FAMILY = "1,2";
			};
			name = Release;
		};
/* End XCBuildConfiguration section */

/* Begin XCConfigurationList section */
		84BD3DAE23A2EE0000C81F40 /* Build configuration list for PBXProject "WebimTest" */ = {
			isa = XCConfigurationList;
			buildConfigurations = (
				84BD3DC523A2EE0100C81F40 /* Debug */,
				84BD3DC623A2EE0100C81F40 /* Release */,
			);
			defaultConfigurationIsVisible = 0;
			defaultConfigurationName = Release;
		};
		84BD3DC723A2EE0100C81F40 /* Build configuration list for PBXNativeTarget "WebimTest" */ = {
			isa = XCConfigurationList;
			buildConfigurations = (
				84BD3DC823A2EE0100C81F40 /* Debug */,
				84BD3DC923A2EE0100C81F40 /* Release */,
			);
			defaultConfigurationIsVisible = 0;
			defaultConfigurationName = Release;
		};
/* End XCConfigurationList section */
	};
	rootObject = 84BD3DAB23A2EE0000C81F40 /* Project object */;
}
